
Microsoft Visual Studio Solution File, Format Version 12.00
# Visual Studio 15
VisualStudioVersion = 15.0.34112.143
MinimumVisualStudioVersion = 10.0.40219.1
Project("{FAE04EC0-301F-11D3-BF4B-00C04F79EFBC}") = "Bai1", "Bai1\Bai1.csproj", "{A208C1E9-4C73-4353-A5C0-DE1DC0883AD8}"
EndProject
Global
	GlobalSection(SolutionConfigurationPlatforms) = preSolution
		Debug|Any CPU = Debug|Any CPU
		Release|Any CPU = Release|Any CPU
	EndGlobalSection
	GlobalSection(ProjectConfigurationPlatforms) = postSolution
		{A208C1E9-4C73-4353-A5C0-DE1DC0883AD8}.Debug|Any CPU.ActiveCfg = Debug|Any CPU
		{A208C1E9-4C73-4353-A5C0-DE1DC0883AD8}.Debug|Any CPU.Build.0 = Debug|Any CPU
		{A208C1E9-4C73-4353-A5C0-DE1DC0883AD8}.Release|Any CPU.ActiveCfg = Release|Any CPU
		{A208C1E9-4C73-4353-A5C0-DE1DC0883AD8}.Release|Any CPU.Build.0 = Release|Any CPU
	EndGlobalSection
	GlobalSection(SolutionProperties) = preSolution
		HideSolutionNode = FALSE
	EndGlobalSection
	GlobalSection(ExtensibilityGlobals) = postSolution
		SolutionGuid = {0D358E82-A02D-4091-88DD-C5FB7DAD1A1C}
	EndGlobalSection
EndGlobal
