
Microsoft Visual Studio Solution File, Format Version 12.00
# Visual Studio 15
VisualStudioVersion = 15.0.34112.143
MinimumVisualStudioVersion = 10.0.40219.1
Project("{FAE04EC0-301F-11D3-BF4B-00C04F79EFBC}") = "TimThu", "TimThu\TimThu.csproj", "{A851EE10-6DEF-402E-97BD-408ADC6FB5AD}"
EndProject
Global
	GlobalSection(SolutionConfigurationPlatforms) = preSolution
		Debug|Any CPU = Debug|Any CPU
		Release|Any CPU = Release|Any CPU
	EndGlobalSection
	GlobalSection(ProjectConfigurationPlatforms) = postSolution
		{A851EE10-6DEF-402E-97BD-408ADC6FB5AD}.Debug|Any CPU.ActiveCfg = Debug|Any CPU
		{A851EE10-6DEF-402E-97BD-408ADC6FB5AD}.Debug|Any CPU.Build.0 = Debug|Any CPU
		{A851EE10-6DEF-402E-97BD-408ADC6FB5AD}.Release|Any CPU.ActiveCfg = Release|Any CPU
		{A851EE10-6DEF-402E-97BD-408ADC6FB5AD}.Release|Any CPU.Build.0 = Release|Any CPU
	EndGlobalSection
	GlobalSection(SolutionProperties) = preSolution
		HideSolutionNode = FALSE
	EndGlobalSection
	GlobalSection(ExtensibilityGlobals) = postSolution
		SolutionGuid = {DB05B2D4-BB0B-467E-8FBB-945D97AFEC01}
	EndGlobalSection
EndGlobal
