
Microsoft Visual Studio Solution File, Format Version 12.00
# Visual Studio 15
VisualStudioVersion = 15.0.34112.143
MinimumVisualStudioVersion = 10.0.40219.1
Project("{FAE04EC0-301F-11D3-BF4B-00C04F79EFBC}") = "TANDVN30_1_2024", "TANDVN30_1_2024\TANDVN30_1_2024.csproj", "{68943719-0EA9-4914-93A3-8A2C175B73C3}"
EndProject
Global
	GlobalSection(SolutionConfigurationPlatforms) = preSolution
		Debug|Any CPU = Debug|Any CPU
		Release|Any CPU = Release|Any CPU
	EndGlobalSection
	GlobalSection(ProjectConfigurationPlatforms) = postSolution
		{68943719-0EA9-4914-93A3-8A2C175B73C3}.Debug|Any CPU.ActiveCfg = Debug|Any CPU
		{68943719-0EA9-4914-93A3-8A2C175B73C3}.Debug|Any CPU.Build.0 = Debug|Any CPU
		{68943719-0EA9-4914-93A3-8A2C175B73C3}.Release|Any CPU.ActiveCfg = Release|Any CPU
		{68943719-0EA9-4914-93A3-8A2C175B73C3}.Release|Any CPU.Build.0 = Release|Any CPU
	EndGlobalSection
	GlobalSection(SolutionProperties) = preSolution
		HideSolutionNode = FALSE
	EndGlobalSection
	GlobalSection(ExtensibilityGlobals) = postSolution
		SolutionGuid = {1B13188C-F982-429A-A10B-B7991F58EF7A}
	EndGlobalSection
EndGlobal
