
Microsoft Visual Studio Solution File, Format Version 12.00
# Visual Studio 15
VisualStudioVersion = 15.0.34112.143
MinimumVisualStudioVersion = 10.0.40219.1
Project("{FAE04EC0-301F-11D3-BF4B-00C04F79EFBC}") = "CanChi", "CanChi\CanChi.csproj", "{9BBB32C8-B7BA-4453-9CDE-129ABB8337FF}"
EndProject
Global
	GlobalSection(SolutionConfigurationPlatforms) = preSolution
		Debug|Any CPU = Debug|Any CPU
		Release|Any CPU = Release|Any CPU
	EndGlobalSection
	GlobalSection(ProjectConfigurationPlatforms) = postSolution
		{9BBB32C8-B7BA-4453-9CDE-129ABB8337FF}.Debug|Any CPU.ActiveCfg = Debug|Any CPU
		{9BBB32C8-B7BA-4453-9CDE-129ABB8337FF}.Debug|Any CPU.Build.0 = Debug|Any CPU
		{9BBB32C8-B7BA-4453-9CDE-129ABB8337FF}.Release|Any CPU.ActiveCfg = Release|Any CPU
		{9BBB32C8-B7BA-4453-9CDE-129ABB8337FF}.Release|Any CPU.Build.0 = Release|Any CPU
	EndGlobalSection
	GlobalSection(SolutionProperties) = preSolution
		HideSolutionNode = FALSE
	EndGlobalSection
	GlobalSection(ExtensibilityGlobals) = postSolution
		SolutionGuid = {4034C0CB-5F87-48A2-813E-B59E6D8DE3B2}
	EndGlobalSection
EndGlobal
