
Microsoft Visual Studio Solution File, Format Version 12.00
# Visual Studio 15
VisualStudioVersion = 15.0.34112.143
MinimumVisualStudioVersion = 10.0.40219.1
Project("{FAE04EC0-301F-11D3-BF4B-00C04F79EFBC}") = "Bai5", "Bai5\Bai5.csproj", "{E87296A5-2B55-4128-BD62-B84D5899CCFF}"
EndProject
Global
	GlobalSection(SolutionConfigurationPlatforms) = preSolution
		Debug|Any CPU = Debug|Any CPU
		Release|Any CPU = Release|Any CPU
	EndGlobalSection
	GlobalSection(ProjectConfigurationPlatforms) = postSolution
		{E87296A5-2B55-4128-BD62-B84D5899CCFF}.Debug|Any CPU.ActiveCfg = Debug|Any CPU
		{E87296A5-2B55-4128-BD62-B84D5899CCFF}.Debug|Any CPU.Build.0 = Debug|Any CPU
		{E87296A5-2B55-4128-BD62-B84D5899CCFF}.Release|Any CPU.ActiveCfg = Release|Any CPU
		{E87296A5-2B55-4128-BD62-B84D5899CCFF}.Release|Any CPU.Build.0 = Release|Any CPU
	EndGlobalSection
	GlobalSection(SolutionProperties) = preSolution
		HideSolutionNode = FALSE
	EndGlobalSection
	GlobalSection(ExtensibilityGlobals) = postSolution
		SolutionGuid = {3CE9655D-E2EF-4614-BCE3-4E6B55793416}
	EndGlobalSection
EndGlobal
