
Microsoft Visual Studio Solution File, Format Version 12.00
# Visual Studio 15
VisualStudioVersion = 15.0.34112.143
MinimumVisualStudioVersion = 10.0.40219.1
Project("{FAE04EC0-301F-11D3-BF4B-00C04F79EFBC}") = "Ontap", "Ontap\Ontap.csproj", "{B4A214D9-5829-449D-8971-DC5E73A70ED5}"
EndProject
Global
	GlobalSection(SolutionConfigurationPlatforms) = preSolution
		Debug|Any CPU = Debug|Any CPU
		Release|Any CPU = Release|Any CPU
	EndGlobalSection
	GlobalSection(ProjectConfigurationPlatforms) = postSolution
		{B4A214D9-5829-449D-8971-DC5E73A70ED5}.Debug|Any CPU.ActiveCfg = Debug|Any CPU
		{B4A214D9-5829-449D-8971-DC5E73A70ED5}.Debug|Any CPU.Build.0 = Debug|Any CPU
		{B4A214D9-5829-449D-8971-DC5E73A70ED5}.Release|Any CPU.ActiveCfg = Release|Any CPU
		{B4A214D9-5829-449D-8971-DC5E73A70ED5}.Release|Any CPU.Build.0 = Release|Any CPU
	EndGlobalSection
	GlobalSection(SolutionProperties) = preSolution
		HideSolutionNode = FALSE
	EndGlobalSection
	GlobalSection(ExtensibilityGlobals) = postSolution
		SolutionGuid = {DC3AAF92-08F3-43A2-AD7E-30228CB967FE}
	EndGlobalSection
EndGlobal
