
Microsoft Visual Studio Solution File, Format Version 12.00
# Visual Studio 15
VisualStudioVersion = 15.0.34112.143
MinimumVisualStudioVersion = 10.0.40219.1
Project("{FAE04EC0-301F-11D3-BF4B-00C04F79EFBC}") = "TANDVN30_1_2024", "TANDVN30_1_2024.csproj", "{82153FDB-8945-4F18-9330-6AED5992BA77}"
EndProject
Global
	GlobalSection(SolutionConfigurationPlatforms) = preSolution
		Debug|Any CPU = Debug|Any CPU
		Release|Any CPU = Release|Any CPU
	EndGlobalSection
	GlobalSection(ProjectConfigurationPlatforms) = postSolution
		{82153FDB-8945-4F18-9330-6AED5992BA77}.Debug|Any CPU.ActiveCfg = Debug|Any CPU
		{82153FDB-8945-4F18-9330-6AED5992BA77}.Debug|Any CPU.Build.0 = Debug|Any CPU
		{82153FDB-8945-4F18-9330-6AED5992BA77}.Release|Any CPU.ActiveCfg = Release|Any CPU
		{82153FDB-8945-4F18-9330-6AED5992BA77}.Release|Any CPU.Build.0 = Release|Any CPU
	EndGlobalSection
	GlobalSection(SolutionProperties) = preSolution
		HideSolutionNode = FALSE
	EndGlobalSection
	GlobalSection(ExtensibilityGlobals) = postSolution
		SolutionGuid = {37C75DA7-C132-4B7F-BAC2-BD22771E4A05}
	EndGlobalSection
EndGlobal
